
Microsoft Visual Studio Solution File, Format Version 12.00
# Visual Studio 15
VisualStudioVersion = 15.0.27130.2027
MinimumVisualStudioVersion = 10.0.40219.1
Project("{FAE04EC0-301F-11D3-BF4B-00C04F79EFBC}") = "CumbresLibrary.Android", "CumbresLibrary\CumbresLibrary.Android\CumbresLibrary.Android.csproj", "{4A09E363-FAEF-4FA9-AEAA-7E790747F643}"
EndProject
Project("{FAE04EC0-301F-11D3-BF4B-00C04F79EFBC}") = "CumbresLibrary.iOS", "CumbresLibrary\CumbresLibrary.iOS\CumbresLibrary.iOS.csproj", "{97BFFDAC-E2C7-452E-9133-0F40393A0BFD}"
EndProject
Project("{FAE04EC0-301F-11D3-BF4B-00C04F79EFBC}") = "CumbresLibrary", "CumbresLibrary\CumbresLibrary\CumbresLibrary.csproj", "{8147C873-99F8-4198-80C7-7831EAC10CF9}"
EndProject
Project("{FAE04EC0-301F-11D3-BF4B-00C04F79EFBC}") = "CumbresLibrary.Domain", "CumbresLibrary.Domain\CumbresLibrary.Domain.csproj", "{A5BF5AEF-A1C2-43BF-B00D-ABF2646AAFB0}"
EndProject
Project("{FAE04EC0-301F-11D3-BF4B-00C04F79EFBC}") = "CumbresLibrary.Backend", "CumbresLibrary.Backend\CumbresLibrary.Backend.csproj", "{BBC9A0A9-0B04-43DC-B725-C4424EAECBDA}"
EndProject
Project("{FAE04EC0-301F-11D3-BF4B-00C04F79EFBC}") = "CumbresLibrary.API", "CumbresLibrary.API\CumbresLibrary.API.csproj", "{94DB2256-AD35-4CF7-9C04-CE2E0F97BA29}"
EndProject
Global
	GlobalSection(SolutionConfigurationPlatforms) = preSolution
		Ad-Hoc|Any CPU = Ad-Hoc|Any CPU
		Ad-Hoc|iPhone = Ad-Hoc|iPhone
		Ad-Hoc|iPhoneSimulator = Ad-Hoc|iPhoneSimulator
		AppStore|Any CPU = AppStore|Any CPU
		AppStore|iPhone = AppStore|iPhone
		AppStore|iPhoneSimulator = AppStore|iPhoneSimulator
		Debug|Any CPU = Debug|Any CPU
		Debug|iPhone = Debug|iPhone
		Debug|iPhoneSimulator = Debug|iPhoneSimulator
		Release|Any CPU = Release|Any CPU
		Release|iPhone = Release|iPhone
		Release|iPhoneSimulator = Release|iPhoneSimulator
	EndGlobalSection
	GlobalSection(ProjectConfigurationPlatforms) = postSolution
		{4A09E363-FAEF-4FA9-AEAA-7E790747F643}.Ad-Hoc|Any CPU.ActiveCfg = Release|Any CPU
		{4A09E363-FAEF-4FA9-AEAA-7E790747F643}.Ad-Hoc|Any CPU.Build.0 = Release|Any CPU
		{4A09E363-FAEF-4FA9-AEAA-7E790747F643}.Ad-Hoc|Any CPU.Deploy.0 = Release|Any CPU
		{4A09E363-FAEF-4FA9-AEAA-7E790747F643}.Ad-Hoc|iPhone.ActiveCfg = Release|Any CPU
		{4A09E363-FAEF-4FA9-AEAA-7E790747F643}.Ad-Hoc|iPhone.Build.0 = Release|Any CPU
		{4A09E363-FAEF-4FA9-AEAA-7E790747F643}.Ad-Hoc|iPhone.Deploy.0 = Release|Any CPU
		{4A09E363-FAEF-4FA9-AEAA-7E790747F643}.Ad-Hoc|iPhoneSimulator.ActiveCfg = Release|Any CPU
		{4A09E363-FAEF-4FA9-AEAA-7E790747F643}.Ad-Hoc|iPhoneSimulator.Build.0 = Release|Any CPU
		{4A09E363-FAEF-4FA9-AEAA-7E790747F643}.Ad-Hoc|iPhoneSimulator.Deploy.0 = Release|Any CPU
		{4A09E363-FAEF-4FA9-AEAA-7E790747F643}.AppStore|Any CPU.ActiveCfg = Release|Any CPU
		{4A09E363-FAEF-4FA9-AEAA-7E790747F643}.AppStore|Any CPU.Build.0 = Release|Any CPU
		{4A09E363-FAEF-4FA9-AEAA-7E790747F643}.AppStore|Any CPU.Deploy.0 = Release|Any CPU
		{4A09E363-FAEF-4FA9-AEAA-7E790747F643}.AppStore|iPhone.ActiveCfg = Release|Any CPU
		{4A09E363-FAEF-4FA9-AEAA-7E790747F643}.AppStore|iPhone.Build.0 = Release|Any CPU
		{4A09E363-FAEF-4FA9-AEAA-7E790747F643}.AppStore|iPhone.Deploy.0 = Release|Any CPU
		{4A09E363-FAEF-4FA9-AEAA-7E790747F643}.AppStore|iPhoneSimulator.ActiveCfg = Release|Any CPU
		{4A09E363-FAEF-4FA9-AEAA-7E790747F643}.AppStore|iPhoneSimulator.Build.0 = Release|Any CPU
		{4A09E363-FAEF-4FA9-AEAA-7E790747F643}.AppStore|iPhoneSimulator.Deploy.0 = Release|Any CPU
		{4A09E363-FAEF-4FA9-AEAA-7E790747F643}.Debug|Any CPU.ActiveCfg = Debug|Any CPU
		{4A09E363-FAEF-4FA9-AEAA-7E790747F643}.Debug|Any CPU.Build.0 = Debug|Any CPU
		{4A09E363-FAEF-4FA9-AEAA-7E790747F643}.Debug|Any CPU.Deploy.0 = Debug|Any CPU
		{4A09E363-FAEF-4FA9-AEAA-7E790747F643}.Debug|iPhone.ActiveCfg = Debug|Any CPU
		{4A09E363-FAEF-4FA9-AEAA-7E790747F643}.Debug|iPhone.Build.0 = Debug|Any CPU
		{4A09E363-FAEF-4FA9-AEAA-7E790747F643}.Debug|iPhone.Deploy.0 = Debug|Any CPU
		{4A09E363-FAEF-4FA9-AEAA-7E790747F643}.Debug|iPhoneSimulator.ActiveCfg = Debug|Any CPU
		{4A09E363-FAEF-4FA9-AEAA-7E790747F643}.Debug|iPhoneSimulator.Build.0 = Debug|Any CPU
		{4A09E363-FAEF-4FA9-AEAA-7E790747F643}.Debug|iPhoneSimulator.Deploy.0 = Debug|Any CPU
		{4A09E363-FAEF-4FA9-AEAA-7E790747F643}.Release|Any CPU.ActiveCfg = Release|Any CPU
		{4A09E363-FAEF-4FA9-AEAA-7E790747F643}.Release|Any CPU.Build.0 = Release|Any CPU
		{4A09E363-FAEF-4FA9-AEAA-7E790747F643}.Release|Any CPU.Deploy.0 = Release|Any CPU
		{4A09E363-FAEF-4FA9-AEAA-7E790747F643}.Release|iPhone.ActiveCfg = Release|Any CPU
		{4A09E363-FAEF-4FA9-AEAA-7E790747F643}.Release|iPhone.Build.0 = Release|Any CPU
		{4A09E363-FAEF-4FA9-AEAA-7E790747F643}.Release|iPhone.Deploy.0 = Release|Any CPU
		{4A09E363-FAEF-4FA9-AEAA-7E790747F643}.Release|iPhoneSimulator.ActiveCfg = Release|Any CPU
		{4A09E363-FAEF-4FA9-AEAA-7E790747F643}.Release|iPhoneSimulator.Build.0 = Release|Any CPU
		{4A09E363-FAEF-4FA9-AEAA-7E790747F643}.Release|iPhoneSimulator.Deploy.0 = Release|Any CPU
		{97BFFDAC-E2C7-452E-9133-0F40393A0BFD}.Ad-Hoc|Any CPU.ActiveCfg = Ad-Hoc|iPhone
		{97BFFDAC-E2C7-452E-9133-0F40393A0BFD}.Ad-Hoc|iPhone.ActiveCfg = Ad-Hoc|iPhone
		{97BFFDAC-E2C7-452E-9133-0F40393A0BFD}.Ad-Hoc|iPhone.Build.0 = Ad-Hoc|iPhone
		{97BFFDAC-E2C7-452E-9133-0F40393A0BFD}.Ad-Hoc|iPhoneSimulator.ActiveCfg = Ad-Hoc|iPhoneSimulator
		{97BFFDAC-E2C7-452E-9133-0F40393A0BFD}.Ad-Hoc|iPhoneSimulator.Build.0 = Ad-Hoc|iPhoneSimulator
		{97BFFDAC-E2C7-452E-9133-0F40393A0BFD}.AppStore|Any CPU.ActiveCfg = AppStore|iPhone
		{97BFFDAC-E2C7-452E-9133-0F40393A0BFD}.AppStore|iPhone.ActiveCfg = AppStore|iPhone
		{97BFFDAC-E2C7-452E-9133-0F40393A0BFD}.AppStore|iPhone.Build.0 = AppStore|iPhone
		{97BFFDAC-E2C7-452E-9133-0F40393A0BFD}.AppStore|iPhoneSimulator.ActiveCfg = AppStore|iPhoneSimulator
		{97BFFDAC-E2C7-452E-9133-0F40393A0BFD}.AppStore|iPhoneSimulator.Build.0 = AppStore|iPhoneSimulator
		{97BFFDAC-E2C7-452E-9133-0F40393A0BFD}.Debug|Any CPU.ActiveCfg = Debug|iPhone
		{97BFFDAC-E2C7-452E-9133-0F40393A0BFD}.Debug|iPhone.ActiveCfg = Debug|iPhone
		{97BFFDAC-E2C7-452E-9133-0F40393A0BFD}.Debug|iPhone.Build.0 = Debug|iPhone
		{97BFFDAC-E2C7-452E-9133-0F40393A0BFD}.Debug|iPhoneSimulator.ActiveCfg = Debug|iPhoneSimulator
		{97BFFDAC-E2C7-452E-9133-0F40393A0BFD}.Debug|iPhoneSimulator.Build.0 = Debug|iPhoneSimulator
		{97BFFDAC-E2C7-452E-9133-0F40393A0BFD}.Release|Any CPU.ActiveCfg = Release|iPhone
		{97BFFDAC-E2C7-452E-9133-0F40393A0BFD}.Release|iPhone.ActiveCfg = Release|iPhone
		{97BFFDAC-E2C7-452E-9133-0F40393A0BFD}.Release|iPhone.Build.0 = Release|iPhone
		{97BFFDAC-E2C7-452E-9133-0F40393A0BFD}.Release|iPhoneSimulator.ActiveCfg = Release|iPhoneSimulator
		{97BFFDAC-E2C7-452E-9133-0F40393A0BFD}.Release|iPhoneSimulator.Build.0 = Release|iPhoneSimulator
		{8147C873-99F8-4198-80C7-7831EAC10CF9}.Ad-Hoc|Any CPU.ActiveCfg = Debug|Any CPU
		{8147C873-99F8-4198-80C7-7831EAC10CF9}.Ad-Hoc|Any CPU.Build.0 = Debug|Any CPU
		{8147C873-99F8-4198-80C7-7831EAC10CF9}.Ad-Hoc|iPhone.ActiveCfg = Debug|Any CPU
		{8147C873-99F8-4198-80C7-7831EAC10CF9}.Ad-Hoc|iPhone.Build.0 = Debug|Any CPU
		{8147C873-99F8-4198-80C7-7831EAC10CF9}.Ad-Hoc|iPhoneSimulator.ActiveCfg = Debug|Any CPU
		{8147C873-99F8-4198-80C7-7831EAC10CF9}.Ad-Hoc|iPhoneSimulator.Build.0 = Debug|Any CPU
		{8147C873-99F8-4198-80C7-7831EAC10CF9}.AppStore|Any CPU.ActiveCfg = Debug|Any CPU
		{8147C873-99F8-4198-80C7-7831EAC10CF9}.AppStore|Any CPU.Build.0 = Debug|Any CPU
		{8147C873-99F8-4198-80C7-7831EAC10CF9}.AppStore|iPhone.ActiveCfg = Debug|Any CPU
		{8147C873-99F8-4198-80C7-7831EAC10CF9}.AppStore|iPhone.Build.0 = Debug|Any CPU
		{8147C873-99F8-4198-80C7-7831EAC10CF9}.AppStore|iPhoneSimulator.ActiveCfg = Debug|Any CPU
		{8147C873-99F8-4198-80C7-7831EAC10CF9}.AppStore|iPhoneSimulator.Build.0 = Debug|Any CPU
		{8147C873-99F8-4198-80C7-7831EAC10CF9}.Debug|Any CPU.ActiveCfg = Debug|Any CPU
		{8147C873-99F8-4198-80C7-7831EAC10CF9}.Debug|Any CPU.Build.0 = Debug|Any CPU
		{8147C873-99F8-4198-80C7-7831EAC10CF9}.Debug|iPhone.ActiveCfg = Debug|Any CPU
		{8147C873-99F8-4198-80C7-7831EAC10CF9}.Debug|iPhone.Build.0 = Debug|Any CPU
		{8147C873-99F8-4198-80C7-7831EAC10CF9}.Debug|iPhoneSimulator.ActiveCfg = Debug|Any CPU
		{8147C873-99F8-4198-80C7-7831EAC10CF9}.Debug|iPhoneSimulator.Build.0 = Debug|Any CPU
		{8147C873-99F8-4198-80C7-7831EAC10CF9}.Release|Any CPU.ActiveCfg = Release|Any CPU
		{8147C873-99F8-4198-80C7-7831EAC10CF9}.Release|Any CPU.Build.0 = Release|Any CPU
		{8147C873-99F8-4198-80C7-7831EAC10CF9}.Release|iPhone.ActiveCfg = Release|Any CPU
		{8147C873-99F8-4198-80C7-7831EAC10CF9}.Release|iPhone.Build.0 = Release|Any CPU
		{8147C873-99F8-4198-80C7-7831EAC10CF9}.Release|iPhoneSimulator.ActiveCfg = Release|Any CPU
		{8147C873-99F8-4198-80C7-7831EAC10CF9}.Release|iPhoneSimulator.Build.0 = Release|Any CPU
		{A5BF5AEF-A1C2-43BF-B00D-ABF2646AAFB0}.Ad-Hoc|Any CPU.ActiveCfg = Release|Any CPU
		{A5BF5AEF-A1C2-43BF-B00D-ABF2646AAFB0}.Ad-Hoc|Any CPU.Build.0 = Release|Any CPU
		{A5BF5AEF-A1C2-43BF-B00D-ABF2646AAFB0}.Ad-Hoc|iPhone.ActiveCfg = Release|Any CPU
		{A5BF5AEF-A1C2-43BF-B00D-ABF2646AAFB0}.Ad-Hoc|iPhone.Build.0 = Release|Any CPU
		{A5BF5AEF-A1C2-43BF-B00D-ABF2646AAFB0}.Ad-Hoc|iPhoneSimulator.ActiveCfg = Release|Any CPU
		{A5BF5AEF-A1C2-43BF-B00D-ABF2646AAFB0}.Ad-Hoc|iPhoneSimulator.Build.0 = Release|Any CPU
		{A5BF5AEF-A1C2-43BF-B00D-ABF2646AAFB0}.AppStore|Any CPU.ActiveCfg = Release|Any CPU
		{A5BF5AEF-A1C2-43BF-B00D-ABF2646AAFB0}.AppStore|Any CPU.Build.0 = Release|Any CPU
		{A5BF5AEF-A1C2-43BF-B00D-ABF2646AAFB0}.AppStore|iPhone.ActiveCfg = Release|Any CPU
		{A5BF5AEF-A1C2-43BF-B00D-ABF2646AAFB0}.AppStore|iPhone.Build.0 = Release|Any CPU
		{A5BF5AEF-A1C2-43BF-B00D-ABF2646AAFB0}.AppStore|iPhoneSimulator.ActiveCfg = Release|Any CPU
		{A5BF5AEF-A1C2-43BF-B00D-ABF2646AAFB0}.AppStore|iPhoneSimulator.Build.0 = Release|Any CPU
		{A5BF5AEF-A1C2-43BF-B00D-ABF2646AAFB0}.Debug|Any CPU.ActiveCfg = Debug|Any CPU
		{A5BF5AEF-A1C2-43BF-B00D-ABF2646AAFB0}.Debug|Any CPU.Build.0 = Debug|Any CPU
		{A5BF5AEF-A1C2-43BF-B00D-ABF2646AAFB0}.Debug|iPhone.ActiveCfg = Debug|Any CPU
		{A5BF5AEF-A1C2-43BF-B00D-ABF2646AAFB0}.Debug|iPhone.Build.0 = Debug|Any CPU
		{A5BF5AEF-A1C2-43BF-B00D-ABF2646AAFB0}.Debug|iPhoneSimulator.ActiveCfg = Debug|Any CPU
		{A5BF5AEF-A1C2-43BF-B00D-ABF2646AAFB0}.Debug|iPhoneSimulator.Build.0 = Debug|Any CPU
		{A5BF5AEF-A1C2-43BF-B00D-ABF2646AAFB0}.Release|Any CPU.ActiveCfg = Release|Any CPU
		{A5BF5AEF-A1C2-43BF-B00D-ABF2646AAFB0}.Release|Any CPU.Build.0 = Release|Any CPU
		{A5BF5AEF-A1C2-43BF-B00D-ABF2646AAFB0}.Release|iPhone.ActiveCfg = Release|Any CPU
		{A5BF5AEF-A1C2-43BF-B00D-ABF2646AAFB0}.Release|iPhone.Build.0 = Release|Any CPU
		{A5BF5AEF-A1C2-43BF-B00D-ABF2646AAFB0}.Release|iPhoneSimulator.ActiveCfg = Release|Any CPU
		{A5BF5AEF-A1C2-43BF-B00D-ABF2646AAFB0}.Release|iPhoneSimulator.Build.0 = Release|Any CPU
		{BBC9A0A9-0B04-43DC-B725-C4424EAECBDA}.Ad-Hoc|Any CPU.ActiveCfg = Release|Any CPU
		{BBC9A0A9-0B04-43DC-B725-C4424EAECBDA}.Ad-Hoc|Any CPU.Build.0 = Release|Any CPU
		{BBC9A0A9-0B04-43DC-B725-C4424EAECBDA}.Ad-Hoc|iPhone.ActiveCfg = Release|Any CPU
		{BBC9A0A9-0B04-43DC-B725-C4424EAECBDA}.Ad-Hoc|iPhone.Build.0 = Release|Any CPU
		{BBC9A0A9-0B04-43DC-B725-C4424EAECBDA}.Ad-Hoc|iPhoneSimulator.ActiveCfg = Release|Any CPU
		{BBC9A0A9-0B04-43DC-B725-C4424EAECBDA}.Ad-Hoc|iPhoneSimulator.Build.0 = Release|Any CPU
		{BBC9A0A9-0B04-43DC-B725-C4424EAECBDA}.AppStore|Any CPU.ActiveCfg = Release|Any CPU
		{BBC9A0A9-0B04-43DC-B725-C4424EAECBDA}.AppStore|Any CPU.Build.0 = Release|Any CPU
		{BBC9A0A9-0B04-43DC-B725-C4424EAECBDA}.AppStore|iPhone.ActiveCfg = Release|Any CPU
		{BBC9A0A9-0B04-43DC-B725-C4424EAECBDA}.AppStore|iPhone.Build.0 = Release|Any CPU
		{BBC9A0A9-0B04-43DC-B725-C4424EAECBDA}.AppStore|iPhoneSimulator.ActiveCfg = Release|Any CPU
		{BBC9A0A9-0B04-43DC-B725-C4424EAECBDA}.AppStore|iPhoneSimulator.Build.0 = Release|Any CPU
		{BBC9A0A9-0B04-43DC-B725-C4424EAECBDA}.Debug|Any CPU.ActiveCfg = Debug|Any CPU
		{BBC9A0A9-0B04-43DC-B725-C4424EAECBDA}.Debug|Any CPU.Build.0 = Debug|Any CPU
		{BBC9A0A9-0B04-43DC-B725-C4424EAECBDA}.Debug|iPhone.ActiveCfg = Debug|Any CPU
		{BBC9A0A9-0B04-43DC-B725-C4424EAECBDA}.Debug|iPhone.Build.0 = Debug|Any CPU
		{BBC9A0A9-0B04-43DC-B725-C4424EAECBDA}.Debug|iPhoneSimulator.ActiveCfg = Debug|Any CPU
		{BBC9A0A9-0B04-43DC-B725-C4424EAECBDA}.Debug|iPhoneSimulator.Build.0 = Debug|Any CPU
		{BBC9A0A9-0B04-43DC-B725-C4424EAECBDA}.Release|Any CPU.ActiveCfg = Release|Any CPU
		{BBC9A0A9-0B04-43DC-B725-C4424EAECBDA}.Release|Any CPU.Build.0 = Release|Any CPU
		{BBC9A0A9-0B04-43DC-B725-C4424EAECBDA}.Release|iPhone.ActiveCfg = Release|Any CPU
		{BBC9A0A9-0B04-43DC-B725-C4424EAECBDA}.Release|iPhone.Build.0 = Release|Any CPU
		{BBC9A0A9-0B04-43DC-B725-C4424EAECBDA}.Release|iPhoneSimulator.ActiveCfg = Release|Any CPU
		{BBC9A0A9-0B04-43DC-B725-C4424EAECBDA}.Release|iPhoneSimulator.Build.0 = Release|Any CPU
		{94DB2256-AD35-4CF7-9C04-CE2E0F97BA29}.Ad-Hoc|Any CPU.ActiveCfg = Release|Any CPU
		{94DB2256-AD35-4CF7-9C04-CE2E0F97BA29}.Ad-Hoc|Any CPU.Build.0 = Release|Any CPU
		{94DB2256-AD35-4CF7-9C04-CE2E0F97BA29}.Ad-Hoc|iPhone.ActiveCfg = Release|Any CPU
		{94DB2256-AD35-4CF7-9C04-CE2E0F97BA29}.Ad-Hoc|iPhone.Build.0 = Release|Any CPU
		{94DB2256-AD35-4CF7-9C04-CE2E0F97BA29}.Ad-Hoc|iPhoneSimulator.ActiveCfg = Release|Any CPU
		{94DB2256-AD35-4CF7-9C04-CE2E0F97BA29}.Ad-Hoc|iPhoneSimulator.Build.0 = Release|Any CPU
		{94DB2256-AD35-4CF7-9C04-CE2E0F97BA29}.AppStore|Any CPU.ActiveCfg = Release|Any CPU
		{94DB2256-AD35-4CF7-9C04-CE2E0F97BA29}.AppStore|Any CPU.Build.0 = Release|Any CPU
		{94DB2256-AD35-4CF7-9C04-CE2E0F97BA29}.AppStore|iPhone.ActiveCfg = Release|Any CPU
		{94DB2256-AD35-4CF7-9C04-CE2E0F97BA29}.AppStore|iPhone.Build.0 = Release|Any CPU
		{94DB2256-AD35-4CF7-9C04-CE2E0F97BA29}.AppStore|iPhoneSimulator.ActiveCfg = Release|Any CPU
		{94DB2256-AD35-4CF7-9C04-CE2E0F97BA29}.AppStore|iPhoneSimulator.Build.0 = Release|Any CPU
		{94DB2256-AD35-4CF7-9C04-CE2E0F97BA29}.Debug|Any CPU.ActiveCfg = Debug|Any CPU
		{94DB2256-AD35-4CF7-9C04-CE2E0F97BA29}.Debug|Any CPU.Build.0 = Debug|Any CPU
		{94DB2256-AD35-4CF7-9C04-CE2E0F97BA29}.Debug|iPhone.ActiveCfg = Debug|Any CPU
		{94DB2256-AD35-4CF7-9C04-CE2E0F97BA29}.Debug|iPhone.Build.0 = Debug|Any CPU
		{94DB2256-AD35-4CF7-9C04-CE2E0F97BA29}.Debug|iPhoneSimulator.ActiveCfg = Debug|Any CPU
		{94DB2256-AD35-4CF7-9C04-CE2E0F97BA29}.Debug|iPhoneSimulator.Build.0 = Debug|Any CPU
		{94DB2256-AD35-4CF7-9C04-CE2E0F97BA29}.Release|Any CPU.ActiveCfg = Release|Any CPU
		{94DB2256-AD35-4CF7-9C04-CE2E0F97BA29}.Release|Any CPU.Build.0 = Release|Any CPU
		{94DB2256-AD35-4CF7-9C04-CE2E0F97BA29}.Release|iPhone.ActiveCfg = Release|Any CPU
		{94DB2256-AD35-4CF7-9C04-CE2E0F97BA29}.Release|iPhone.Build.0 = Release|Any CPU
		{94DB2256-AD35-4CF7-9C04-CE2E0F97BA29}.Release|iPhoneSimulator.ActiveCfg = Release|Any CPU
		{94DB2256-AD35-4CF7-9C04-CE2E0F97BA29}.Release|iPhoneSimulator.Build.0 = Release|Any CPU
	EndGlobalSection
	GlobalSection(SolutionProperties) = preSolution
		HideSolutionNode = FALSE
	EndGlobalSection
	GlobalSection(ExtensibilityGlobals) = postSolution
		SolutionGuid = {37F6D58B-A70B-40AC-8211-63A797A1E4A5}
	EndGlobalSection
EndGlobal
